
Microsoft Visual Studio Solution File, Format Version 12.00
# Visual Studio 2012
Project("{FAE04EC0-301F-11D3-BF4B-00C04F79EFBC}") = "windwaker_include_exclude_activities.TestSuite", "windwaker_include_exclude_activities.TestSuite\windwaker_include_exclude_activities.TestSuite.csproj", "{BE706189-5CD1-4800-A6A4-8531A71AE712}"
EndProject
Project("{FAE04EC0-301F-11D3-BF4B-00C04F79EFBC}") = "windwaker_include_exclude_activities.Sample", "windwaker_include_exclude_activities.Sample\windwaker_include_exclude_activities.Sample.csproj", "{9A54389A-AFA6-4B8A-AF9E-5831B40EAC96}"
EndProject
Project("{FAE04EC0-301F-11D3-BF4B-00C04F79EFBC}") = "windwaker_include_exclude_activities", "windwaker_include_exclude_activities\windwaker_include_exclude_activities.csproj", "{3BE431B0-BA71-459B-996D-D7C7653CA241}"
EndProject
Global
	GlobalSection(SolutionConfigurationPlatforms) = preSolution
		Debug|Any CPU = Debug|Any CPU
		Release|Any CPU = Release|Any CPU
	EndGlobalSection
	GlobalSection(ProjectConfigurationPlatforms) = postSolution
		{BE706189-5CD1-4800-A6A4-8531A71AE712}.Debug|Any CPU.ActiveCfg = Debug|Any CPU
		{BE706189-5CD1-4800-A6A4-8531A71AE712}.Debug|Any CPU.Build.0 = Debug|Any CPU
		{BE706189-5CD1-4800-A6A4-8531A71AE712}.Release|Any CPU.ActiveCfg = Release|Any CPU
		{BE706189-5CD1-4800-A6A4-8531A71AE712}.Release|Any CPU.Build.0 = Release|Any CPU
		{9A54389A-AFA6-4B8A-AF9E-5831B40EAC96}.Debug|Any CPU.ActiveCfg = Debug|Any CPU
		{9A54389A-AFA6-4B8A-AF9E-5831B40EAC96}.Debug|Any CPU.Build.0 = Debug|Any CPU
		{9A54389A-AFA6-4B8A-AF9E-5831B40EAC96}.Release|Any CPU.ActiveCfg = Release|Any CPU
		{9A54389A-AFA6-4B8A-AF9E-5831B40EAC96}.Release|Any CPU.Build.0 = Release|Any CPU
		{3BE431B0-BA71-459B-996D-D7C7653CA241}.Debug|Any CPU.ActiveCfg = Debug|Any CPU
		{3BE431B0-BA71-459B-996D-D7C7653CA241}.Debug|Any CPU.Build.0 = Debug|Any CPU
		{3BE431B0-BA71-459B-996D-D7C7653CA241}.Release|Any CPU.ActiveCfg = Release|Any CPU
		{3BE431B0-BA71-459B-996D-D7C7653CA241}.Release|Any CPU.Build.0 = Release|Any CPU
	EndGlobalSection
	GlobalSection(SolutionProperties) = preSolution
		HideSolutionNode = FALSE
	EndGlobalSection
	GlobalSection(SpecExplorer.ActivityCompletionStatus) = preSolution
		SpecExplorer.ActivityCompletionStatus = TestExisting: ;ModelFromScratch: 
	EndGlobalSection
EndGlobal
