
Microsoft Visual Studio Solution File, Format Version 12.00
# Visual Studio 2012
Project("{FAE04EC0-301F-11D3-BF4B-00C04F79EFBC}") = "Pangolin.TestSuite", "Pangolin.TestSuite\Pangolin.TestSuite.csproj", "{DD6EB24C-656D-43C4-825D-8597F509A503}"
EndProject
Project("{FAE04EC0-301F-11D3-BF4B-00C04F79EFBC}") = "Pangolin.Sample", "Pangolin.Sample\Pangolin.Sample.csproj", "{8559F586-B96D-4741-AD46-194C340F9FF9}"
EndProject
Project("{FAE04EC0-301F-11D3-BF4B-00C04F79EFBC}") = "Pangolin", "Pangolin\Pangolin.csproj", "{06F936EB-DC2D-4C27-86BF-33AA2B244A7B}"
EndProject
Global
	GlobalSection(SolutionConfigurationPlatforms) = preSolution
		Debug|Any CPU = Debug|Any CPU
		Release|Any CPU = Release|Any CPU
	EndGlobalSection
	GlobalSection(ProjectConfigurationPlatforms) = postSolution
		{DD6EB24C-656D-43C4-825D-8597F509A503}.Debug|Any CPU.ActiveCfg = Debug|Any CPU
		{DD6EB24C-656D-43C4-825D-8597F509A503}.Debug|Any CPU.Build.0 = Debug|Any CPU
		{DD6EB24C-656D-43C4-825D-8597F509A503}.Release|Any CPU.ActiveCfg = Release|Any CPU
		{DD6EB24C-656D-43C4-825D-8597F509A503}.Release|Any CPU.Build.0 = Release|Any CPU
		{8559F586-B96D-4741-AD46-194C340F9FF9}.Debug|Any CPU.ActiveCfg = Debug|Any CPU
		{8559F586-B96D-4741-AD46-194C340F9FF9}.Debug|Any CPU.Build.0 = Debug|Any CPU
		{8559F586-B96D-4741-AD46-194C340F9FF9}.Release|Any CPU.ActiveCfg = Release|Any CPU
		{8559F586-B96D-4741-AD46-194C340F9FF9}.Release|Any CPU.Build.0 = Release|Any CPU
		{06F936EB-DC2D-4C27-86BF-33AA2B244A7B}.Debug|Any CPU.ActiveCfg = Debug|Any CPU
		{06F936EB-DC2D-4C27-86BF-33AA2B244A7B}.Debug|Any CPU.Build.0 = Debug|Any CPU
		{06F936EB-DC2D-4C27-86BF-33AA2B244A7B}.Release|Any CPU.ActiveCfg = Release|Any CPU
		{06F936EB-DC2D-4C27-86BF-33AA2B244A7B}.Release|Any CPU.Build.0 = Release|Any CPU
	EndGlobalSection
	GlobalSection(SolutionProperties) = preSolution
		HideSolutionNode = FALSE
	EndGlobalSection
	GlobalSection(SpecExplorer.ActivityCompletionStatus) = preSolution
		SpecExplorer.ActivityCompletionStatus = TestExisting: ;ModelFromScratch: 
	EndGlobalSection
EndGlobal
