
Microsoft Visual Studio Solution File, Format Version 12.00
# Visual Studio 2012
Project("{FAE04EC0-301F-11D3-BF4B-00C04F79EFBC}") = "SpecExplorer2.TestSuite", "SpecExplorer2.TestSuite\SpecExplorer2.TestSuite.csproj", "{3A3EF0AF-9CC6-4DB3-8AA5-4D00CBE743D9}"
EndProject
Project("{FAE04EC0-301F-11D3-BF4B-00C04F79EFBC}") = "SpecExplorer2", "SpecExplorer2\SpecExplorer2.csproj", "{88C7EF47-2219-4B94-822F-8BF0E2266143}"
EndProject
Project("{FAE04EC0-301F-11D3-BF4B-00C04F79EFBC}") = "Implementation", "Implementation\Implementation.csproj", "{AC6F8822-B256-404A-BD99-B45AF3AAADF2}"
EndProject
Global
	GlobalSection(SolutionConfigurationPlatforms) = preSolution
		Debug|Any CPU = Debug|Any CPU
		Release|Any CPU = Release|Any CPU
	EndGlobalSection
	GlobalSection(ProjectConfigurationPlatforms) = postSolution
		{3A3EF0AF-9CC6-4DB3-8AA5-4D00CBE743D9}.Debug|Any CPU.ActiveCfg = Debug|Any CPU
		{3A3EF0AF-9CC6-4DB3-8AA5-4D00CBE743D9}.Debug|Any CPU.Build.0 = Debug|Any CPU
		{3A3EF0AF-9CC6-4DB3-8AA5-4D00CBE743D9}.Release|Any CPU.ActiveCfg = Release|Any CPU
		{3A3EF0AF-9CC6-4DB3-8AA5-4D00CBE743D9}.Release|Any CPU.Build.0 = Release|Any CPU
		{88C7EF47-2219-4B94-822F-8BF0E2266143}.Debug|Any CPU.ActiveCfg = Debug|Any CPU
		{88C7EF47-2219-4B94-822F-8BF0E2266143}.Debug|Any CPU.Build.0 = Debug|Any CPU
		{88C7EF47-2219-4B94-822F-8BF0E2266143}.Release|Any CPU.ActiveCfg = Release|Any CPU
		{88C7EF47-2219-4B94-822F-8BF0E2266143}.Release|Any CPU.Build.0 = Release|Any CPU
		{AC6F8822-B256-404A-BD99-B45AF3AAADF2}.Debug|Any CPU.ActiveCfg = Debug|Any CPU
		{AC6F8822-B256-404A-BD99-B45AF3AAADF2}.Debug|Any CPU.Build.0 = Debug|Any CPU
		{AC6F8822-B256-404A-BD99-B45AF3AAADF2}.Release|Any CPU.ActiveCfg = Release|Any CPU
		{AC6F8822-B256-404A-BD99-B45AF3AAADF2}.Release|Any CPU.Build.0 = Release|Any CPU
	EndGlobalSection
	GlobalSection(SolutionProperties) = preSolution
		HideSolutionNode = FALSE
	EndGlobalSection
	GlobalSection(SpecExplorer.ActivityCompletionStatus) = preSolution
		SpecExplorer.ActivityCompletionStatus = TestExisting: ;ModelFromScratch: DeclareActions
	EndGlobalSection
EndGlobal
